// !$*UTF8*$!
{
	archiveVersion = 1;
	classes = {
	};
	objectVersion = 46;
	objects = {

/* Begin PBXBuildFile section */
		1615434619D672A400F27626 /* Articles.m in Sources */ = {isa = PBXBuildFile; fileRef = 1615434519D672A400F27626 /* Articles.m */; };
		1654EC9419EA370A00CF8C3C /* SidebarViewController.m in Sources */ = {isa = PBXBuildFile; fileRef = 1654EC9319EA370A00CF8C3C /* SidebarViewController.m */; };
		16C5FAB919C467100022B324 /* Foundation.framework in Frameworks */ = {isa = PBXBuildFile; fileRef = 16C5FAB819C467100022B324 /* Foundation.framework */; };
		16C5FABB19C467100022B324 /* CoreGraphics.framework in Frameworks */ = {isa = PBXBuildFile; fileRef = 16C5FABA19C467100022B324 /* CoreGraphics.framework */; };
		16C5FABD19C467100022B324 /* UIKit.framework in Frameworks */ = {isa = PBXBuildFile; fileRef = 16C5FABC19C467100022B324 /* UIKit.framework */; };
		16C5FAC319C467100022B324 /* InfoPlist.strings in Resources */ = {isa = PBXBuildFile; fileRef = 16C5FAC119C467100022B324 /* InfoPlist.strings */; };
		16C5FAC519C467100022B324 /* main.m in Sources */ = {isa = PBXBuildFile; fileRef = 16C5FAC419C467100022B324 /* main.m */; };
		16C5FAC919C467100022B324 /* AppDelegate.m in Sources */ = {isa = PBXBuildFile; fileRef = 16C5FAC819C467100022B324 /* AppDelegate.m */; };
		16C5FACC19C467100022B324 /* Main.storyboard in Resources */ = {isa = PBXBuildFile; fileRef = 16C5FACA19C467100022B324 /* Main.storyboard */; };
		16C5FACF19C467100022B324 /* ViewController.m in Sources */ = {isa = PBXBuildFile; fileRef = 16C5FACE19C467100022B324 /* ViewController.m */; };
		16C5FAD119C467100022B324 /* Images.xcassets in Resources */ = {isa = PBXBuildFile; fileRef = 16C5FAD019C467100022B324 /* Images.xcassets */; };
		16C5FAD819C467100022B324 /* XCTest.framework in Frameworks */ = {isa = PBXBuildFile; fileRef = 16C5FAD719C467100022B324 /* XCTest.framework */; };
		16C5FAD919C467100022B324 /* Foundation.framework in Frameworks */ = {isa = PBXBuildFile; fileRef = 16C5FAB819C467100022B324 /* Foundation.framework */; };
		16C5FADA19C467100022B324 /* UIKit.framework in Frameworks */ = {isa = PBXBuildFile; fileRef = 16C5FABC19C467100022B324 /* UIKit.framework */; };
		16C5FAE219C467100022B324 /* InfoPlist.strings in Resources */ = {isa = PBXBuildFile; fileRef = 16C5FAE019C467100022B324 /* InfoPlist.strings */; };
		16C5FAE419C467100022B324 /* n4gTests.m in Sources */ = {isa = PBXBuildFile; fileRef = 16C5FAE319C467100022B324 /* n4gTests.m */; };
		16C5FAEF19C4688D0022B324 /* TableViewController.m in Sources */ = {isa = PBXBuildFile; fileRef = 16C5FAEE19C4688D0022B324 /* TableViewController.m */; };
		16D2C9CC19EC722B00A2F62C /* SWRevealViewController.m in Sources */ = {isa = PBXBuildFile; fileRef = 16D2C9CB19EC722B00A2F62C /* SWRevealViewController.m */; };
		16D2C9CF19EC72F300A2F62C /* SideMenuViewController.m in Sources */ = {isa = PBXBuildFile; fileRef = 16D2C9CE19EC72F300A2F62C /* SideMenuViewController.m */; };
		D4A6F890CEC541569A925DCA /* libPods.a in Frameworks */ = {isa = PBXBuildFile; fileRef = 8B9737A38CF444E0A0EB6856 /* libPods.a */; };
/* End PBXBuildFile section */

/* Begin PBXContainerItemProxy section */
		16C5FADB19C467100022B324 /* PBXContainerItemProxy */ = {
			isa = PBXContainerItemProxy;
			containerPortal = 16C5FAAD19C467100022B324 /* Project object */;
			proxyType = 1;
			remoteGlobalIDString = 16C5FAB419C467100022B324;
			remoteInfo = n4g;
		};
/* End PBXContainerItemProxy section */

/* Begin PBXFileReference section */
		1615434419D672A400F27626 /* Articles.h */ = {isa = PBXFileReference; fileEncoding = 4; lastKnownFileType = sourcecode.c.h; path = Articles.h; sourceTree = "<group>"; };
		1615434519D672A400F27626 /* Articles.m */ = {isa = PBXFileReference; fileEncoding = 4; lastKnownFileType = sourcecode.c.objc; path = Articles.m; sourceTree = "<group>"; };
		1654EC9219EA370A00CF8C3C /* SidebarViewController.h */ = {isa = PBXFileReference; fileEncoding = 4; lastKnownFileType = sourcecode.c.h; path = SidebarViewController.h; sourceTree = "<group>"; };
		1654EC9319EA370A00CF8C3C /* SidebarViewController.m */ = {isa = PBXFileReference; fileEncoding = 4; lastKnownFileType = sourcecode.c.objc; path = SidebarViewController.m; sourceTree = "<group>"; };
		16C5FAB519C467100022B324 /* n4g.app */ = {isa = PBXFileReference; explicitFileType = wrapper.application; includeInIndex = 0; path = n4g.app; sourceTree = BUILT_PRODUCTS_DIR; };
		16C5FAB819C467100022B324 /* Foundation.framework */ = {isa = PBXFileReference; lastKnownFileType = wrapper.framework; name = Foundation.framework; path = System/Library/Frameworks/Foundation.framework; sourceTree = SDKROOT; };
		16C5FABA19C467100022B324 /* CoreGraphics.framework */ = {isa = PBXFileReference; lastKnownFileType = wrapper.framework; name = CoreGraphics.framework; path = System/Library/Frameworks/CoreGraphics.framework; sourceTree = SDKROOT; };
		16C5FABC19C467100022B324 /* UIKit.framework */ = {isa = PBXFileReference; lastKnownFileType = wrapper.framework; name = UIKit.framework; path = System/Library/Frameworks/UIKit.framework; sourceTree = SDKROOT; };
		16C5FAC019C467100022B324 /* n4g-Info.plist */ = {isa = PBXFileReference; lastKnownFileType = text.plist.xml; path = "n4g-Info.plist"; sourceTree = "<group>"; };
		16C5FAC219C467100022B324 /* en */ = {isa = PBXFileReference; lastKnownFileType = text.plist.strings; name = en; path = en.lproj/InfoPlist.strings; sourceTree = "<group>"; };
		16C5FAC419C467100022B324 /* main.m */ = {isa = PBXFileReference; lastKnownFileType = sourcecode.c.objc; path = main.m; sourceTree = "<group>"; };
		16C5FAC619C467100022B324 /* n4g-Prefix.pch */ = {isa = PBXFileReference; lastKnownFileType = sourcecode.c.h; path = "n4g-Prefix.pch"; sourceTree = "<group>"; };
		16C5FAC719C467100022B324 /* AppDelegate.h */ = {isa = PBXFileReference; lastKnownFileType = sourcecode.c.h; path = AppDelegate.h; sourceTree = "<group>"; };
		16C5FAC819C467100022B324 /* AppDelegate.m */ = {isa = PBXFileReference; lastKnownFileType = sourcecode.c.objc; path = AppDelegate.m; sourceTree = "<group>"; };
		16C5FACB19C467100022B324 /* Base */ = {isa = PBXFileReference; lastKnownFileType = file.storyboard; name = Base; path = Base.lproj/Main.storyboard; sourceTree = "<group>"; };
		16C5FACD19C467100022B324 /* ViewController.h */ = {isa = PBXFileReference; lastKnownFileType = sourcecode.c.h; path = ViewController.h; sourceTree = "<group>"; };
		16C5FACE19C467100022B324 /* ViewController.m */ = {isa = PBXFileReference; lastKnownFileType = sourcecode.c.objc; path = ViewController.m; sourceTree = "<group>"; };
		16C5FAD019C467100022B324 /* Images.xcassets */ = {isa = PBXFileReference; lastKnownFileType = folder.assetcatalog; path = Images.xcassets; sourceTree = "<group>"; };
		16C5FAD619C467100022B324 /* n4gTests.xctest */ = {isa = PBXFileReference; explicitFileType = wrapper.cfbundle; includeInIndex = 0; path = n4gTests.xctest; sourceTree = BUILT_PRODUCTS_DIR; };
		16C5FAD719C467100022B324 /* XCTest.framework */ = {isa = PBXFileReference; lastKnownFileType = wrapper.framework; name = XCTest.framework; path = Library/Frameworks/XCTest.framework; sourceTree = DEVELOPER_DIR; };
		16C5FADF19C467100022B324 /* n4gTests-Info.plist */ = {isa = PBXFileReference; lastKnownFileType = text.plist.xml; path = "n4gTests-Info.plist"; sourceTree = "<group>"; };
		16C5FAE119C467100022B324 /* en */ = {isa = PBXFileReference; lastKnownFileType = text.plist.strings; name = en; path = en.lproj/InfoPlist.strings; sourceTree = "<group>"; };
		16C5FAE319C467100022B324 /* n4gTests.m */ = {isa = PBXFileReference; lastKnownFileType = sourcecode.c.objc; path = n4gTests.m; sourceTree = "<group>"; };
		16C5FAED19C4688D0022B324 /* TableViewController.h */ = {isa = PBXFileReference; fileEncoding = 4; lastKnownFileType = sourcecode.c.h; path = TableViewController.h; sourceTree = "<group>"; };
		16C5FAEE19C4688D0022B324 /* TableViewController.m */ = {isa = PBXFileReference; fileEncoding = 4; lastKnownFileType = sourcecode.c.objc; path = TableViewController.m; sourceTree = "<group>"; };
		16D2C9CA19EC722B00A2F62C /* SWRevealViewController.h */ = {isa = PBXFileReference; fileEncoding = 4; lastKnownFileType = sourcecode.c.h; name = SWRevealViewController.h; path = ../../../Downloads/SlideOutMenu/SlideOutMenuFiles/SWRevealViewController.h; sourceTree = "<group>"; };
		16D2C9CB19EC722B00A2F62C /* SWRevealViewController.m */ = {isa = PBXFileReference; fileEncoding = 4; lastKnownFileType = sourcecode.c.objc; name = SWRevealViewController.m; path = ../../../Downloads/SlideOutMenu/SlideOutMenuFiles/SWRevealViewController.m; sourceTree = "<group>"; };
		16D2C9CD19EC72F300A2F62C /* SideMenuViewController.h */ = {isa = PBXFileReference; fileEncoding = 4; lastKnownFileType = sourcecode.c.h; path = SideMenuViewController.h; sourceTree = "<group>"; };
		16D2C9CE19EC72F300A2F62C /* SideMenuViewController.m */ = {isa = PBXFileReference; fileEncoding = 4; lastKnownFileType = sourcecode.c.objc; path = SideMenuViewController.m; sourceTree = "<group>"; };
		8B9737A38CF444E0A0EB6856 /* libPods.a */ = {isa = PBXFileReference; explicitFileType = archive.ar; includeInIndex = 0; path = libPods.a; sourceTree = BUILT_PRODUCTS_DIR; };
		94049DFFC9E84113AC88EE34 /* Pods.xcconfig */ = {isa = PBXFileReference; includeInIndex = 1; lastKnownFileType = text.xcconfig; name = Pods.xcconfig; path = Pods/Pods.xcconfig; sourceTree = "<group>"; };
/* End PBXFileReference section */

/* Begin PBXFrameworksBuildPhase section */
		16C5FAB219C467100022B324 /* Frameworks */ = {
			isa = PBXFrameworksBuildPhase;
			buildActionMask = 2147483647;
			files = (
				16C5FABB19C467100022B324 /* CoreGraphics.framework in Frameworks */,
				16C5FABD19C467100022B324 /* UIKit.framework in Frameworks */,
				16C5FAB919C467100022B324 /* Foundation.framework in Frameworks */,
				D4A6F890CEC541569A925DCA /* libPods.a in Frameworks */,
			);
			runOnlyForDeploymentPostprocessing = 0;
		};
		16C5FAD319C467100022B324 /* Frameworks */ = {
			isa = PBXFrameworksBuildPhase;
			buildActionMask = 2147483647;
			files = (
				16C5FAD819C467100022B324 /* XCTest.framework in Frameworks */,
				16C5FADA19C467100022B324 /* UIKit.framework in Frameworks */,
				16C5FAD919C467100022B324 /* Foundation.framework in Frameworks */,
			);
			runOnlyForDeploymentPostprocessing = 0;
		};
/* End PBXFrameworksBuildPhase section */

/* Begin PBXGroup section */
		1654EC9619EA399100CF8C3C /* Library */ = {
			isa = PBXGroup;
			children = (
				16D2C9CA19EC722B00A2F62C /* SWRevealViewController.h */,
				16D2C9CB19EC722B00A2F62C /* SWRevealViewController.m */,
			);
			name = Library;
			sourceTree = "<group>";
		};
		16C5FAAC19C467100022B324 = {
			isa = PBXGroup;
			children = (
				16C5FABE19C467100022B324 /* n4g */,
				16C5FADD19C467100022B324 /* n4gTests */,
				16C5FAB719C467100022B324 /* Frameworks */,
				16C5FAB619C467100022B324 /* Products */,
				94049DFFC9E84113AC88EE34 /* Pods.xcconfig */,
			);
			sourceTree = "<group>";
		};
		16C5FAB619C467100022B324 /* Products */ = {
			isa = PBXGroup;
			children = (
				16C5FAB519C467100022B324 /* n4g.app */,
				16C5FAD619C467100022B324 /* n4gTests.xctest */,
			);
			name = Products;
			sourceTree = "<group>";
		};
		16C5FAB719C467100022B324 /* Frameworks */ = {
			isa = PBXGroup;
			children = (
				16C5FAB819C467100022B324 /* Foundation.framework */,
				16C5FABA19C467100022B324 /* CoreGraphics.framework */,
				16C5FABC19C467100022B324 /* UIKit.framework */,
				16C5FAD719C467100022B324 /* XCTest.framework */,
				8B9737A38CF444E0A0EB6856 /* libPods.a */,
			);
			name = Frameworks;
			sourceTree = "<group>";
		};
		16C5FABE19C467100022B324 /* n4g */ = {
			isa = PBXGroup;
			children = (
				1654EC9619EA399100CF8C3C /* Library */,
				16C5FAC719C467100022B324 /* AppDelegate.h */,
				16C5FAC819C467100022B324 /* AppDelegate.m */,
				16C5FACA19C467100022B324 /* Main.storyboard */,
				16D2C9CD19EC72F300A2F62C /* SideMenuViewController.h */,
				16D2C9CE19EC72F300A2F62C /* SideMenuViewController.m */,
				16C5FACE19C467100022B324 /* ViewController.m */,
				1654EC9219EA370A00CF8C3C /* SidebarViewController.h */,
				1654EC9319EA370A00CF8C3C /* SidebarViewController.m */,
				16C5FACD19C467100022B324 /* ViewController.h */,
				16C5FAED19C4688D0022B324 /* TableViewController.h */,
				16C5FAEE19C4688D0022B324 /* TableViewController.m */,
				1615434419D672A400F27626 /* Articles.h */,
				1615434519D672A400F27626 /* Articles.m */,
				16C5FAD019C467100022B324 /* Images.xcassets */,
				16C5FABF19C467100022B324 /* Supporting Files */,
			);
			path = n4g;
			sourceTree = "<group>";
		};
		16C5FABF19C467100022B324 /* Supporting Files */ = {
			isa = PBXGroup;
			children = (
				16C5FAC019C467100022B324 /* n4g-Info.plist */,
				16C5FAC119C467100022B324 /* InfoPlist.strings */,
				16C5FAC419C467100022B324 /* main.m */,
				16C5FAC619C467100022B324 /* n4g-Prefix.pch */,
			);
			name = "Supporting Files";
			sourceTree = "<group>";
		};
		16C5FADD19C467100022B324 /* n4gTests */ = {
			isa = PBXGroup;
			children = (
				16C5FAE319C467100022B324 /* n4gTests.m */,
				16C5FADE19C467100022B324 /* Supporting Files */,
			);
			path = n4gTests;
			sourceTree = "<group>";
		};
		16C5FADE19C467100022B324 /* Supporting Files */ = {
			isa = PBXGroup;
			children = (
				16C5FADF19C467100022B324 /* n4gTests-Info.plist */,
				16C5FAE019C467100022B324 /* InfoPlist.strings */,
			);
			name = "Supporting Files";
			sourceTree = "<group>";
		};
/* End PBXGroup section */

/* Begin PBXNativeTarget section */
		16C5FAB419C467100022B324 /* n4g */ = {
			isa = PBXNativeTarget;
			buildConfigurationList = 16C5FAE719C467100022B324 /* Build configuration list for PBXNativeTarget "n4g" */;
			buildPhases = (
				5E64225107ED4C0CB73592F6 /* Check Pods Manifest.lock */,
				16C5FAB119C467100022B324 /* Sources */,
				16C5FAB219C467100022B324 /* Frameworks */,
				16C5FAB319C467100022B324 /* Resources */,
				7923D0FE2F034D8DA294876E /* Copy Pods Resources */,
			);
			buildRules = (
			);
			dependencies = (
			);
			name = n4g;
			productName = n4g;
			productReference = 16C5FAB519C467100022B324 /* n4g.app */;
			productType = "com.apple.product-type.application";
		};
		16C5FAD519C467100022B324 /* n4gTests */ = {
			isa = PBXNativeTarget;
			buildConfigurationList = 16C5FAEA19C467100022B324 /* Build configuration list for PBXNativeTarget "n4gTests" */;
			buildPhases = (
				16C5FAD219C467100022B324 /* Sources */,
				16C5FAD319C467100022B324 /* Frameworks */,
				16C5FAD419C467100022B324 /* Resources */,
			);
			buildRules = (
			);
			dependencies = (
				16C5FADC19C467100022B324 /* PBXTargetDependency */,
			);
			name = n4gTests;
			productName = n4gTests;
			productReference = 16C5FAD619C467100022B324 /* n4gTests.xctest */;
			productType = "com.apple.product-type.bundle.unit-test";
		};
/* End PBXNativeTarget section */

/* Begin PBXProject section */
		16C5FAAD19C467100022B324 /* Project object */ = {
			isa = PBXProject;
			attributes = {
				LastUpgradeCheck = 0510;
				ORGANIZATIONNAME = "___FULLUSERNAME___";
				TargetAttributes = {
					16C5FAB419C467100022B324 = {
						DevelopmentTeam = W86AP6NNMT;
					};
					16C5FAD519C467100022B324 = {
						TestTargetID = 16C5FAB419C467100022B324;
					};
				};
			};
			buildConfigurationList = 16C5FAB019C467100022B324 /* Build configuration list for PBXProject "n4g" */;
			compatibilityVersion = "Xcode 3.2";
			developmentRegion = English;
			hasScannedForEncodings = 0;
			knownRegions = (
				en,
				Base,
			);
			mainGroup = 16C5FAAC19C467100022B324;
			productRefGroup = 16C5FAB619C467100022B324 /* Products */;
			projectDirPath = "";
			projectRoot = "";
			targets = (
				16C5FAB419C467100022B324 /* n4g */,
				16C5FAD519C467100022B324 /* n4gTests */,
			);
		};
/* End PBXProject section */

/* Begin PBXResourcesBuildPhase section */
		16C5FAB319C467100022B324 /* Resources */ = {
			isa = PBXResourcesBuildPhase;
			buildActionMask = 2147483647;
			files = (
				16C5FAD119C467100022B324 /* Images.xcassets in Resources */,
				16C5FAC319C467100022B324 /* InfoPlist.strings in Resources */,
				16C5FACC19C467100022B324 /* Main.storyboard in Resources */,
			);
			runOnlyForDeploymentPostprocessing = 0;
		};
		16C5FAD419C467100022B324 /* Resources */ = {
			isa = PBXResourcesBuildPhase;
			buildActionMask = 2147483647;
			files = (
				16C5FAE219C467100022B324 /* InfoPlist.strings in Resources */,
			);
			runOnlyForDeploymentPostprocessing = 0;
		};
/* End PBXResourcesBuildPhase section */

/* Begin PBXShellScriptBuildPhase section */
		5E64225107ED4C0CB73592F6 /* Check Pods Manifest.lock */ = {
			isa = PBXShellScriptBuildPhase;
			buildActionMask = 2147483647;
			files = (
			);
			inputPaths = (
			);
			name = "Check Pods Manifest.lock";
			outputPaths = (
			);
			runOnlyForDeploymentPostprocessing = 0;
			shellPath = /bin/sh;
			shellScript = "diff \"${PODS_ROOT}/../Podfile.lock\" \"${PODS_ROOT}/Manifest.lock\" > /dev/null\nif [[ $? != 0 ]] ; then\n    cat << EOM\nerror: The sandbox is not in sync with the Podfile.lock. Run 'pod install' or update your CocoaPods installation.\nEOM\n    exit 1\nfi\n";
			showEnvVarsInLog = 0;
		};
		7923D0FE2F034D8DA294876E /* Copy Pods Resources */ = {
			isa = PBXShellScriptBuildPhase;
			buildActionMask = 2147483647;
			files = (
			);
			inputPaths = (
			);
			name = "Copy Pods Resources";
			outputPaths = (
			);
			runOnlyForDeploymentPostprocessing = 0;
			shellPath = /bin/sh;
			shellScript = "\"${SRCROOT}/Pods/Pods-resources.sh\"\n";
			showEnvVarsInLog = 0;
		};
/* End PBXShellScriptBuildPhase section */

/* Begin PBXSourcesBuildPhase section */
		16C5FAB119C467100022B324 /* Sources */ = {
			isa = PBXSourcesBuildPhase;
			buildActionMask = 2147483647;
			files = (
				16D2C9CC19EC722B00A2F62C /* SWRevealViewController.m in Sources */,
				16C5FACF19C467100022B324 /* ViewController.m in Sources */,
				16C5FAC919C467100022B324 /* AppDelegate.m in Sources */,
				16C5FAC519C467100022B324 /* main.m in Sources */,
				16D2C9CF19EC72F300A2F62C /* SideMenuViewController.m in Sources */,
				1654EC9419EA370A00CF8C3C /* SidebarViewController.m in Sources */,
				16C5FAEF19C4688D0022B324 /* TableViewController.m in Sources */,
				1615434619D672A400F27626 /* Articles.m in Sources */,
			);
			runOnlyForDeploymentPostprocessing = 0;
		};
		16C5FAD219C467100022B324 /* Sources */ = {
			isa = PBXSourcesBuildPhase;
			buildActionMask = 2147483647;
			files = (
				16C5FAE419C467100022B324 /* n4gTests.m in Sources */,
			);
			runOnlyForDeploymentPostprocessing = 0;
		};
/* End PBXSourcesBuildPhase section */

/* Begin PBXTargetDependency section */
		16C5FADC19C467100022B324 /* PBXTargetDependency */ = {
			isa = PBXTargetDependency;
			target = 16C5FAB419C467100022B324 /* n4g */;
			targetProxy = 16C5FADB19C467100022B324 /* PBXContainerItemProxy */;
		};
/* End PBXTargetDependency section */

/* Begin PBXVariantGroup section */
		16C5FAC119C467100022B324 /* InfoPlist.strings */ = {
			isa = PBXVariantGroup;
			children = (
				16C5FAC219C467100022B324 /* en */,
			);
			name = InfoPlist.strings;
			sourceTree = "<group>";
		};
		16C5FACA19C467100022B324 /* Main.storyboard */ = {
			isa = PBXVariantGroup;
			children = (
				16C5FACB19C467100022B324 /* Base */,
			);
			name = Main.storyboard;
			sourceTree = "<group>";
		};
		16C5FAE019C467100022B324 /* InfoPlist.strings */ = {
			isa = PBXVariantGroup;
			children = (
				16C5FAE119C467100022B324 /* en */,
			);
			name = InfoPlist.strings;
			sourceTree = "<group>";
		};
/* End PBXVariantGroup section */

/* Begin XCBuildConfiguration section */
		16C5FAE519C467100022B324 /* Debug */ = {
			isa = XCBuildConfiguration;
			buildSettings = {
				ALWAYS_SEARCH_USER_PATHS = NO;
				CLANG_CXX_LANGUAGE_STANDARD = "gnu++0x";
				CLANG_CXX_LIBRARY = "libc++";
				CLANG_ENABLE_MODULES = YES;
				CLANG_ENABLE_OBJC_ARC = YES;
				CLANG_WARN_BOOL_CONVERSION = YES;
				CLANG_WARN_CONSTANT_CONVERSION = YES;
				CLANG_WARN_DIRECT_OBJC_ISA_USAGE = YES_ERROR;
				CLANG_WARN_EMPTY_BODY = YES;
				CLANG_WARN_ENUM_CONVERSION = YES;
				CLANG_WARN_INT_CONVERSION = YES;
				CLANG_WARN_OBJC_ROOT_CLASS = YES_ERROR;
				CLANG_WARN__DUPLICATE_METHOD_MATCH = YES;
				"CODE_SIGN_IDENTITY[sdk=iphoneos*]" = "iPhone Developer";
				COPY_PHASE_STRIP = NO;
				GCC_C_LANGUAGE_STANDARD = gnu99;
				GCC_DYNAMIC_NO_PIC = NO;
				GCC_OPTIMIZATION_LEVEL = 0;
				GCC_PREPROCESSOR_DEFINITIONS = (
					"DEBUG=1",
					"$(inherited)",
				);
				GCC_SYMBOLS_PRIVATE_EXTERN = NO;
				GCC_WARN_64_TO_32_BIT_CONVERSION = YES;
				GCC_WARN_ABOUT_RETURN_TYPE = YES_ERROR;
				GCC_WARN_UNDECLARED_SELECTOR = YES;
				GCC_WARN_UNINITIALIZED_AUTOS = YES_AGGRESSIVE;
				GCC_WARN_UNUSED_FUNCTION = YES;
				GCC_WARN_UNUSED_VARIABLE = YES;
				IPHONEOS_DEPLOYMENT_TARGET = 7.1;
				ONLY_ACTIVE_ARCH = YES;
				SDKROOT = iphoneos;
			};
			name = Debug;
		};
		16C5FAE619C467100022B324 /* Release */ = {
			isa = XCBuildConfiguration;
			buildSettings = {
				ALWAYS_SEARCH_USER_PATHS = NO;
				CLANG_CXX_LANGUAGE_STANDARD = "gnu++0x";
				CLANG_CXX_LIBRARY = "libc++";
				CLANG_ENABLE_MODULES = YES;
				CLANG_ENABLE_OBJC_ARC = YES;
				CLANG_WARN_BOOL_CONVERSION = YES;
				CLANG_WARN_CONSTANT_CONVERSION = YES;
				CLANG_WARN_DIRECT_OBJC_ISA_USAGE = YES_ERROR;
				CLANG_WARN_EMPTY_BODY = YES;
				CLANG_WARN_ENUM_CONVERSION = YES;
				CLANG_WARN_INT_CONVERSION = YES;
				CLANG_WARN_OBJC_ROOT_CLASS = YES_ERROR;
				CLANG_WARN__DUPLICATE_METHOD_MATCH = YES;
				"CODE_SIGN_IDENTITY[sdk=iphoneos*]" = "iPhone Developer";
				COPY_PHASE_STRIP = YES;
				ENABLE_NS_ASSERTIONS = NO;
				GCC_C_LANGUAGE_STANDARD = gnu99;
				GCC_WARN_64_TO_32_BIT_CONVERSION = YES;
				GCC_WARN_ABOUT_RETURN_TYPE = YES_ERROR;
				GCC_WARN_UNDECLARED_SELECTOR = YES;
				GCC_WARN_UNINITIALIZED_AUTOS = YES_AGGRESSIVE;
				GCC_WARN_UNUSED_FUNCTION = YES;
				GCC_WARN_UNUSED_VARIABLE = YES;
				IPHONEOS_DEPLOYMENT_TARGET = 7.1;
				SDKROOT = iphoneos;
				VALIDATE_PRODUCT = YES;
			};
			name = Release;
		};
		16C5FAE819C467100022B324 /* Debug */ = {
			isa = XCBuildConfiguration;
			baseConfigurationReference = 94049DFFC9E84113AC88EE34 /* Pods.xcconfig */;
			buildSettings = {
				ASSETCATALOG_COMPILER_APPICON_NAME = AppIcon;
				ASSETCATALOG_COMPILER_LAUNCHIMAGE_NAME = LaunchImage;
				CODE_SIGN_IDENTITY = "iPhone Developer";
				"CODE_SIGN_IDENTITY[sdk=iphoneos*]" = "iPhone Developer";
				GCC_PRECOMPILE_PREFIX_HEADER = YES;
				GCC_PREFIX_HEADER = "n4g/n4g-Prefix.pch";
				INFOPLIST_FILE = "n4g/n4g-Info.plist";
				PRODUCT_NAME = "$(TARGET_NAME)";
				PROVISIONING_PROFILE = "";
				WRAPPER_EXTENSION = app;
			};
			name = Debug;
		};
		16C5FAE919C467100022B324 /* Release */ = {
			isa = XCBuildConfiguration;
			baseConfigurationReference = 94049DFFC9E84113AC88EE34 /* Pods.xcconfig */;
			buildSettings = {
				ASSETCATALOG_COMPILER_APPICON_NAME = AppIcon;
				ASSETCATALOG_COMPILER_LAUNCHIMAGE_NAME = LaunchImage;
				CODE_SIGN_IDENTITY = "iPhone Developer";
				"CODE_SIGN_IDENTITY[sdk=iphoneos*]" = "iPhone Developer";
				GCC_PRECOMPILE_PREFIX_HEADER = YES;
				GCC_PREFIX_HEADER = "n4g/n4g-Prefix.pch";
				INFOPLIST_FILE = "n4g/n4g-Info.plist";
				PRODUCT_NAME = "$(TARGET_NAME)";
				PROVISIONING_PROFILE = "";
				WRAPPER_EXTENSION = app;
			};
			name = Release;
		};
		16C5FAEB19C467100022B324 /* Debug */ = {
			isa = XCBuildConfiguration;
			buildSettings = {
				BUNDLE_LOADER = "$(BUILT_PRODUCTS_DIR)/n4g.app/n4g";
				FRAMEWORK_SEARCH_PATHS = (
					"$(SDKROOT)/Developer/Library/Frameworks",
					"$(inherited)",
					"$(DEVELOPER_FRAMEWORKS_DIR)",
				);
				GCC_PRECOMPILE_PREFIX_HEADER = YES;
				GCC_PREFIX_HEADER = "n4g/n4g-Prefix.pch";
				GCC_PREPROCESSOR_DEFINITIONS = (
					"DEBUG=1",
					"$(inherited)",
				);
				INFOPLIST_FILE = "n4gTests/n4gTests-Info.plist";
				PRODUCT_NAME = "$(TARGET_NAME)";
				TEST_HOST = "$(BUNDLE_LOADER)";
				WRAPPER_EXTENSION = xctest;
			};
			name = Debug;
		};
		16C5FAEC19C467100022B324 /* Release */ = {
			isa = XCBuildConfiguration;
			buildSettings = {
				BUNDLE_LOADER = "$(BUILT_PRODUCTS_DIR)/n4g.app/n4g";
				FRAMEWORK_SEARCH_PATHS = (
					"$(SDKROOT)/Developer/Library/Frameworks",
					"$(inherited)",
					"$(DEVELOPER_FRAMEWORKS_DIR)",
				);
				GCC_PRECOMPILE_PREFIX_HEADER = YES;
				GCC_PREFIX_HEADER = "n4g/n4g-Prefix.pch";
				INFOPLIST_FILE = "n4gTests/n4gTests-Info.plist";
				PRODUCT_NAME = "$(TARGET_NAME)";
				TEST_HOST = "$(BUNDLE_LOADER)";
				WRAPPER_EXTENSION = xctest;
			};
			name = Release;
		};
/* End XCBuildConfiguration section */

/* Begin XCConfigurationList section */
		16C5FAB019C467100022B324 /* Build configuration list for PBXProject "n4g" */ = {
			isa = XCConfigurationList;
			buildConfigurations = (
				16C5FAE519C467100022B324 /* Debug */,
				16C5FAE619C467100022B324 /* Release */,
			);
			defaultConfigurationIsVisible = 0;
			defaultConfigurationName = Release;
		};
		16C5FAE719C467100022B324 /* Build configuration list for PBXNativeTarget "n4g" */ = {
			isa = XCConfigurationList;
			buildConfigurations = (
				16C5FAE819C467100022B324 /* Debug */,
				16C5FAE919C467100022B324 /* Release */,
			);
			defaultConfigurationIsVisible = 0;
			defaultConfigurationName = Release;
		};
		16C5FAEA19C467100022B324 /* Build configuration list for PBXNativeTarget "n4gTests" */ = {
			isa = XCConfigurationList;
			buildConfigurations = (
				16C5FAEB19C467100022B324 /* Debug */,
				16C5FAEC19C467100022B324 /* Release */,
			);
			defaultConfigurationIsVisible = 0;
			defaultConfigurationName = Release;
		};
/* End XCConfigurationList section */
	};
	rootObject = 16C5FAAD19C467100022B324 /* Project object */;
}
